
Microsoft Visual Studio Solution File, Format Version 12.00
# Visual Studio 15
VisualStudioVersion = 15.0.28010.2036
MinimumVisualStudioVersion = 10.0.40219.1
Project("{FAE04EC0-301F-11D3-BF4B-00C04F79EFBC}") = "BostonHousingDataSet.Core", "BostonHousingDataSet.Core\BostonHousingDataSet.Core.csproj", "{3ADEA58E-26A6-4750-AE0D-D885BE73507F}"
EndProject
Project("{FAE04EC0-301F-11D3-BF4B-00C04F79EFBC}") = "BostonHousingDataSet.Tests", "BostonHousingDataSet.Tests\BostonHousingDataSet.Tests.csproj", "{AFF4595C-C187-43CF-804D-71BB842D14D8}"
EndProject
Global
	GlobalSection(SolutionConfigurationPlatforms) = preSolution
		Debug|Any CPU = Debug|Any CPU
		Release|Any CPU = Release|Any CPU
	EndGlobalSection
	GlobalSection(ProjectConfigurationPlatforms) = postSolution
		{3ADEA58E-26A6-4750-AE0D-D885BE73507F}.Debug|Any CPU.ActiveCfg = Debug|Any CPU
		{3ADEA58E-26A6-4750-AE0D-D885BE73507F}.Debug|Any CPU.Build.0 = Debug|Any CPU
		{3ADEA58E-26A6-4750-AE0D-D885BE73507F}.Release|Any CPU.ActiveCfg = Release|Any CPU
		{3ADEA58E-26A6-4750-AE0D-D885BE73507F}.Release|Any CPU.Build.0 = Release|Any CPU
		{AFF4595C-C187-43CF-804D-71BB842D14D8}.Debug|Any CPU.ActiveCfg = Debug|Any CPU
		{AFF4595C-C187-43CF-804D-71BB842D14D8}.Debug|Any CPU.Build.0 = Debug|Any CPU
		{AFF4595C-C187-43CF-804D-71BB842D14D8}.Release|Any CPU.ActiveCfg = Release|Any CPU
		{AFF4595C-C187-43CF-804D-71BB842D14D8}.Release|Any CPU.Build.0 = Release|Any CPU
	EndGlobalSection
	GlobalSection(SolutionProperties) = preSolution
		HideSolutionNode = FALSE
	EndGlobalSection
	GlobalSection(ExtensibilityGlobals) = postSolution
		SolutionGuid = {CE94A5D1-874F-4D49-B21B-9EBFE535D6DB}
	EndGlobalSection
EndGlobal
